
Microsoft Visual Studio Solution File, Format Version 12.00
# Visual Studio Version 16
VisualStudioVersion = 16.0.28531.58
MinimumVisualStudioVersion = 10.0.40219.1
Project("{9A19103F-16F7-4668-BE54-9A1E7A4F7556}") = "SampleSite", "SampleSite\SampleSite.csproj", "{08299483-C124-4B5A-9DE0-FEE73B968169}"
EndProject
Project("{2150E333-8FDC-42A3-9474-1A3956D46DE8}") = "README", "README", "{BFD814D1-796E-4198-AFCB-74D2E2DC833D}"
	ProjectSection(SolutionItems) = preProject
		README.md = README.md
	EndProjectSection
EndProject
Project("{9A19103F-16F7-4668-BE54-9A1E7A4F7556}") = "Toolbelt.Blazor.HotKeys", "Toolbelt.Blazor.HotKeys\Toolbelt.Blazor.HotKeys.csproj", "{9D25D2C8-2D57-477C-A00C-52E7C2628818}"
EndProject
Global
	GlobalSection(SolutionConfigurationPlatforms) = preSolution
		Debug|Any CPU = Debug|Any CPU
		Release|Any CPU = Release|Any CPU
	EndGlobalSection
	GlobalSection(ProjectConfigurationPlatforms) = postSolution
		{08299483-C124-4B5A-9DE0-FEE73B968169}.Debug|Any CPU.ActiveCfg = Debug|Any CPU
		{08299483-C124-4B5A-9DE0-FEE73B968169}.Debug|Any CPU.Build.0 = Debug|Any CPU
		{08299483-C124-4B5A-9DE0-FEE73B968169}.Release|Any CPU.ActiveCfg = Release|Any CPU
		{08299483-C124-4B5A-9DE0-FEE73B968169}.Release|Any CPU.Build.0 = Release|Any CPU
		{9D25D2C8-2D57-477C-A00C-52E7C2628818}.Debug|Any CPU.ActiveCfg = Debug|Any CPU
		{9D25D2C8-2D57-477C-A00C-52E7C2628818}.Debug|Any CPU.Build.0 = Debug|Any CPU
		{9D25D2C8-2D57-477C-A00C-52E7C2628818}.Release|Any CPU.ActiveCfg = Release|Any CPU
		{9D25D2C8-2D57-477C-A00C-52E7C2628818}.Release|Any CPU.Build.0 = Release|Any CPU
	EndGlobalSection
	GlobalSection(SolutionProperties) = preSolution
		HideSolutionNode = FALSE
	EndGlobalSection
	GlobalSection(ExtensibilityGlobals) = postSolution
		SolutionGuid = {BAB566FF-0DBE-45FB-A7A3-7D0590F0A921}
	EndGlobalSection
EndGlobal
