
Microsoft Visual Studio Solution File, Format Version 12.00
# Visual Studio Version 17
VisualStudioVersion = 17.5.33209.295
MinimumVisualStudioVersion = 10.0.40219.1
Project("{2150E333-8FDC-42A3-9474-1A3956D46DE8}") = "README", "README", "{BFD814D1-796E-4198-AFCB-74D2E2DC833D}"
	ProjectSection(SolutionItems) = preProject
		README.md = README.md
		RELEASE-NOTES.txt = RELEASE-NOTES.txt
	EndProjectSection
EndProject
Project("{9A19103F-16F7-4668-BE54-9A1E7A4F7556}") = "Toolbelt.Blazor.HotKeys", "Toolbelt.Blazor.HotKeys\Toolbelt.Blazor.HotKeys.csproj", "{9D25D2C8-2D57-477C-A00C-52E7C2628818}"
EndProject
Project("{2150E333-8FDC-42A3-9474-1A3956D46DE8}") = "SampleSites", "SampleSites", "{3EFE1C60-9B39-4B8E-854B-907A0513A4FE}"
EndProject
Project("{9A19103F-16F7-4668-BE54-9A1E7A4F7556}") = "SampleSite.Components", "SampleSites\Components\SampleSite.Components.csproj", "{D8FB58F9-191A-4DAF-A86B-25C7AB56CA08}"
EndProject
Project("{9A19103F-16F7-4668-BE54-9A1E7A4F7556}") = "SampleSite.Server", "SampleSites\Server\SampleSite.Server.csproj", "{A3F4C027-0211-4720-B553-1019883168C0}"
EndProject
Project("{9A19103F-16F7-4668-BE54-9A1E7A4F7556}") = "Toolbelt.Blazor.HotKeys.Test", "Toolbelt.Blazor.HotKeys.Test\Toolbelt.Blazor.HotKeys.Test.csproj", "{153FFB52-59E9-4716-8C7C-BFCE9F08404F}"
EndProject
Project("{9A19103F-16F7-4668-BE54-9A1E7A4F7556}") = "Toolbelt.Blazor.HotKeys.E2ETest", "Toolbelt.Blazor.HotKeys.E2ETest\Toolbelt.Blazor.HotKeys.E2ETest.csproj", "{3A353648-56C8-419E-BBEA-856F9034797B}"
EndProject
Project("{9A19103F-16F7-4668-BE54-9A1E7A4F7556}") = "SampleSite.Client.Net31", "SampleSites\Client31\SampleSite.Client.Net31.csproj", "{968D090D-434B-4661-8A33-AF3149F4218D}"
EndProject
Project("{9A19103F-16F7-4668-BE54-9A1E7A4F7556}") = "SampleSite.Client", "SampleSites\Client\SampleSite.Client.csproj", "{A1591DC4-9506-4DA6-8FA4-A136ADF62292}"
EndProject
Global
	GlobalSection(SolutionConfigurationPlatforms) = preSolution
		Debug|Any CPU = Debug|Any CPU
		Release|Any CPU = Release|Any CPU
	EndGlobalSection
	GlobalSection(ProjectConfigurationPlatforms) = postSolution
		{9D25D2C8-2D57-477C-A00C-52E7C2628818}.Debug|Any CPU.ActiveCfg = Debug|Any CPU
		{9D25D2C8-2D57-477C-A00C-52E7C2628818}.Debug|Any CPU.Build.0 = Debug|Any CPU
		{9D25D2C8-2D57-477C-A00C-52E7C2628818}.Release|Any CPU.ActiveCfg = Release|Any CPU
		{9D25D2C8-2D57-477C-A00C-52E7C2628818}.Release|Any CPU.Build.0 = Release|Any CPU
		{D8FB58F9-191A-4DAF-A86B-25C7AB56CA08}.Debug|Any CPU.ActiveCfg = Debug|Any CPU
		{D8FB58F9-191A-4DAF-A86B-25C7AB56CA08}.Debug|Any CPU.Build.0 = Debug|Any CPU
		{D8FB58F9-191A-4DAF-A86B-25C7AB56CA08}.Release|Any CPU.ActiveCfg = Release|Any CPU
		{D8FB58F9-191A-4DAF-A86B-25C7AB56CA08}.Release|Any CPU.Build.0 = Release|Any CPU
		{A3F4C027-0211-4720-B553-1019883168C0}.Debug|Any CPU.ActiveCfg = Debug|Any CPU
		{A3F4C027-0211-4720-B553-1019883168C0}.Debug|Any CPU.Build.0 = Debug|Any CPU
		{A3F4C027-0211-4720-B553-1019883168C0}.Release|Any CPU.ActiveCfg = Release|Any CPU
		{A3F4C027-0211-4720-B553-1019883168C0}.Release|Any CPU.Build.0 = Release|Any CPU
		{153FFB52-59E9-4716-8C7C-BFCE9F08404F}.Debug|Any CPU.ActiveCfg = Debug|Any CPU
		{153FFB52-59E9-4716-8C7C-BFCE9F08404F}.Debug|Any CPU.Build.0 = Debug|Any CPU
		{153FFB52-59E9-4716-8C7C-BFCE9F08404F}.Release|Any CPU.ActiveCfg = Release|Any CPU
		{153FFB52-59E9-4716-8C7C-BFCE9F08404F}.Release|Any CPU.Build.0 = Release|Any CPU
		{3A353648-56C8-419E-BBEA-856F9034797B}.Debug|Any CPU.ActiveCfg = Debug|Any CPU
		{3A353648-56C8-419E-BBEA-856F9034797B}.Debug|Any CPU.Build.0 = Debug|Any CPU
		{3A353648-56C8-419E-BBEA-856F9034797B}.Release|Any CPU.ActiveCfg = Release|Any CPU
		{3A353648-56C8-419E-BBEA-856F9034797B}.Release|Any CPU.Build.0 = Release|Any CPU
		{968D090D-434B-4661-8A33-AF3149F4218D}.Debug|Any CPU.ActiveCfg = Debug|Any CPU
		{968D090D-434B-4661-8A33-AF3149F4218D}.Debug|Any CPU.Build.0 = Debug|Any CPU
		{968D090D-434B-4661-8A33-AF3149F4218D}.Release|Any CPU.ActiveCfg = Release|Any CPU
		{968D090D-434B-4661-8A33-AF3149F4218D}.Release|Any CPU.Build.0 = Release|Any CPU
		{A1591DC4-9506-4DA6-8FA4-A136ADF62292}.Debug|Any CPU.ActiveCfg = Debug|Any CPU
		{A1591DC4-9506-4DA6-8FA4-A136ADF62292}.Debug|Any CPU.Build.0 = Debug|Any CPU
		{A1591DC4-9506-4DA6-8FA4-A136ADF62292}.Release|Any CPU.ActiveCfg = Release|Any CPU
		{A1591DC4-9506-4DA6-8FA4-A136ADF62292}.Release|Any CPU.Build.0 = Release|Any CPU
	EndGlobalSection
	GlobalSection(SolutionProperties) = preSolution
		HideSolutionNode = FALSE
	EndGlobalSection
	GlobalSection(NestedProjects) = preSolution
		{D8FB58F9-191A-4DAF-A86B-25C7AB56CA08} = {3EFE1C60-9B39-4B8E-854B-907A0513A4FE}
		{A3F4C027-0211-4720-B553-1019883168C0} = {3EFE1C60-9B39-4B8E-854B-907A0513A4FE}
		{968D090D-434B-4661-8A33-AF3149F4218D} = {3EFE1C60-9B39-4B8E-854B-907A0513A4FE}
		{A1591DC4-9506-4DA6-8FA4-A136ADF62292} = {3EFE1C60-9B39-4B8E-854B-907A0513A4FE}
	EndGlobalSection
	GlobalSection(ExtensibilityGlobals) = postSolution
		SolutionGuid = {BAB566FF-0DBE-45FB-A7A3-7D0590F0A921}
	EndGlobalSection
EndGlobal
